{
  "version": 4,
  "terraform_version": "1.12.2",
  "serial": 5,
  "lineage": "e3b1a6cc-d845-f89c-8652-56fe9963d121",
  "outputs": {},
  "resources": [
    {
      "mode": "managed",
      "type": "vercel_project",
      "name": "example",
      "provider": "provider[\"registry.terraform.io/vercel/vercel\"]",
      "instances": [
        {
          "schema_version": 0,
          "attributes": {
            "build_command": null,
            "dev_command": null,
            "environment": null,
            "framework": "nextjs",
            "git_repository": {
              "production_branch": "main",
              "repo": "Maksym-Shportko/Vercel_test",
              "type": "github"
            },
            "id": "prj_hqnENA3zS9bg2DnFArM8d8x20LNV",
            "ignore_command": null,
            "install_command": null,
            "name": "terraform-test-project",
            "output_directory": null,
            "password_protection": null,
            "protection_bypass_for_automation": null,
            "protection_bypass_for_automation_secret": null,
            "public_source": null,
            "root_directory": null,
            "serverless_function_region": "sfo1",
            "team_id": null,
            "vercel_authentication": {
              "protect_production": false
            }
          },
          "sensitive_attributes": [],
          "identity_schema_version": 0
        }
      ]
    },
    {
      "mode": "managed",
      "type": "vercel_project_domain",
      "name": "terraform-test-project",
      "provider": "provider[\"registry.terraform.io/vercel/vercel\"]",
      "instances": [
        {
          "schema_version": 0,
          "attributes": {
            "domain": "shportkodomain.vercel.app",
            "git_branch": null,
            "id": "shportkodomain.vercel.app",
            "project_id": "prj_hqnENA3zS9bg2DnFArM8d8x20LNV",
            "redirect": null,
            "redirect_status_code": null,
            "team_id": null
          },
          "sensitive_attributes": [],
          "identity_schema_version": 0
        }
      ]
    },
    {
      "mode": "managed",
      "type": "vercel_project_environment_variable",
      "name": "ft_created_variable",
      "provider": "provider[\"registry.terraform.io/vercel/vercel\"]",
      "instances": [
        {
          "schema_version": 0,
          "attributes": {
            "git_branch": null,
            "id": "gFAosGTpUcUFHZed",
            "key": "VAR_CREATED_BY_TERRAFORM_for_main",
            "project_id": "prj_hqnENA3zS9bg2DnFArM8d8x20LNV",
            "target": [
              "production"
            ],
            "team_id": null,
            "value": "SOME_SECRET_TOKEN2"
          },
          "sensitive_attributes": [
            [
              {
                "type": "get_attr",
                "value": "value"
              }
            ]
          ],
          "identity_schema_version": 0
        }
      ]
    }
  ],
  "check_results": null
}
